
Microsoft Visual Studio Solution File, Format Version 12.00
# Visual Studio Version 16
VisualStudioVersion = 16.0.810.21
MinimumVisualStudioVersion = 10.0.40219.1
Project("{FAE04EC0-301F-11D3-BF4B-00C04F79EFBC}") = "FNG-v5", "FNG-v5\FNG-v5.csproj", "{F6A72430-E60F-4B2A-9202-A6498E087065}"
EndProject
Global
	GlobalSection(SolutionConfigurationPlatforms) = preSolution
		Debug|Any CPU = Debug|Any CPU
		Release|Any CPU = Release|Any CPU
	EndGlobalSection
	GlobalSection(ProjectConfigurationPlatforms) = postSolution
		{F6A72430-E60F-4B2A-9202-A6498E087065}.Debug|Any CPU.ActiveCfg = Debug|Any CPU
		{F6A72430-E60F-4B2A-9202-A6498E087065}.Debug|Any CPU.Build.0 = Debug|Any CPU
		{F6A72430-E60F-4B2A-9202-A6498E087065}.Release|Any CPU.ActiveCfg = Release|Any CPU
		{F6A72430-E60F-4B2A-9202-A6498E087065}.Release|Any CPU.Build.0 = Release|Any CPU
	EndGlobalSection
	GlobalSection(SolutionProperties) = preSolution
		HideSolutionNode = FALSE
	EndGlobalSection
	GlobalSection(ExtensibilityGlobals) = postSolution
		SolutionGuid = {C5825FF2-A4FE-465D-9EEC-BFFF150B932A}
	EndGlobalSection
EndGlobal
